// !$*UTF8*$!
{
	archiveVersion = 1;
	classes = {
	};
	objectVersion = 46;
	objects = {

/* Begin PBXBuildFile section */
		446452391E57A9CD00FD6A44 /* AppDelegate.swift in Sources */ = {isa = PBXBuildFile; fileRef = 446452381E57A9CD00FD6A44 /* AppDelegate.swift */; };
		4464523B1E57A9CD00FD6A44 /* ViewController.swift in Sources */ = {isa = PBXBuildFile; fileRef = 4464523A1E57A9CD00FD6A44 /* ViewController.swift */; };
		4464523E1E57A9CD00FD6A44 /* Main.storyboard in Resources */ = {isa = PBXBuildFile; fileRef = 4464523C1E57A9CD00FD6A44 /* Main.storyboard */; };
		446452401E57A9CD00FD6A44 /* Assets.xcassets in Resources */ = {isa = PBXBuildFile; fileRef = 4464523F1E57A9CD00FD6A44 /* Assets.xcassets */; };
		446452431E57A9CD00FD6A44 /* LaunchScreen.storyboard in Resources */ = {isa = PBXBuildFile; fileRef = 446452411E57A9CD00FD6A44 /* LaunchScreen.storyboard */; };
/* End PBXBuildFile section */

/* Begin PBXFileReference section */
		446452351E57A9CD00FD6A44 /* workingExample.app */ = {isa = PBXFileReference; explicitFileType = wrapper.application; includeInIndex = 0; path = workingExample.app; sourceTree = BUILT_PRODUCTS_DIR; };
		446452381E57A9CD00FD6A44 /* AppDelegate.swift */ = {isa = PBXFileReference; lastKnownFileType = sourcecode.swift; path = AppDelegate.swift; sourceTree = "<group>"; };
		4464523A1E57A9CD00FD6A44 /* ViewController.swift */ = {isa = PBXFileReference; lastKnownFileType = sourcecode.swift; path = ViewController.swift; sourceTree = "<group>"; };
		4464523D1E57A9CD00FD6A44 /* Base */ = {isa = PBXFileReference; lastKnownFileType = file.storyboard; name = Base; path = Base.lproj/Main.storyboard; sourceTree = "<group>"; };
		4464523F1E57A9CD00FD6A44 /* Assets.xcassets */ = {isa = PBXFileReference; lastKnownFileType = folder.assetcatalog; path = Assets.xcassets; sourceTree = "<group>"; };
		446452421E57A9CD00FD6A44 /* Base */ = {isa = PBXFileReference; lastKnownFileType = file.storyboard; name = Base; path = Base.lproj/LaunchScreen.storyboard; sourceTree = "<group>"; };
		446452441E57A9CD00FD6A44 /* Info.plist */ = {isa = PBXFileReference; lastKnownFileType = text.plist.xml; path = Info.plist; sourceTree = "<group>"; };
/* End PBXFileReference section */

/* Begin PBXFrameworksBuildPhase section */
		446452321E57A9CD00FD6A44 /* Frameworks */ = {
			isa = PBXFrameworksBuildPhase;
			buildActionMask = 2147483647;
			files = (
			);
			runOnlyForDeploymentPostprocessing = 0;
		};
/* End PBXFrameworksBuildPhase section */

/* Begin PBXGroup section */
		4464522C1E57A9CD00FD6A44 = {
			isa = PBXGroup;
			children = (
				446452371E57A9CD00FD6A44 /* workingExample */,
				446452361E57A9CD00FD6A44 /* Products */,
			);
			sourceTree = "<group>";
		};
		446452361E57A9CD00FD6A44 /* Products */ = {
			isa = PBXGroup;
			children = (
				446452351E57A9CD00FD6A44 /* workingExample.app */,
			);
			name = Products;
			sourceTree = "<group>";
		};
		446452371E57A9CD00FD6A44 /* workingExample */ = {
			isa = PBXGroup;
			children = (
				446452381E57A9CD00FD6A44 /* AppDelegate.swift */,
				4464523A1E57A9CD00FD6A44 /* ViewController.swift */,
				4464523C1E57A9CD00FD6A44 /* Main.storyboard */,
				4464523F1E57A9CD00FD6A44 /* Assets.xcassets */,
				446452411E57A9CD00FD6A44 /* LaunchScreen.storyboard */,
				446452441E57A9CD00FD6A44 /* Info.plist */,
			);
			path = workingExample;
			sourceTree = "<group>";
		};
/* End PBXGroup section */

/* Begin PBXNativeTarget section */
		446452341E57A9CD00FD6A44 /* workingExample */ = {
			isa = PBXNativeTarget;
			buildConfigurationList = 446452471E57A9CD00FD6A44 /* Build configuration list for PBXNativeTarget "workingExample" */;
			buildPhases = (
				446452311E57A9CD00FD6A44 /* Sources */,
				446452321E57A9CD00FD6A44 /* Frameworks */,
				446452331E57A9CD00FD6A44 /* Resources */,
			);
			buildRules = (
			);
			dependencies = (
			);
			name = workingExample;
			productName = workingExample;
			productReference = 446452351E57A9CD00FD6A44 /* workingExample.app */;
			productType = "com.apple.product-type.application";
		};
/* End PBXNativeTarget section */

/* Begin PBXProject section */
		4464522D1E57A9CD00FD6A44 /* Project object */ = {
			isa = PBXProject;
			attributes = {
				LastSwiftUpdateCheck = 0820;
				LastUpgradeCheck = 0820;
				ORGANIZATIONNAME = "Roxanne Farkas";
				TargetAttributes = {
					446452341E57A9CD00FD6A44 = {
						CreatedOnToolsVersion = 8.2.1;
						DevelopmentTeam = RJ5X7G8YV9;
						ProvisioningStyle = Automatic;
					};
				};
			};
			buildConfigurationList = 446452301E57A9CD00FD6A44 /* Build configuration list for PBXProject "workingExample" */;
			compatibilityVersion = "Xcode 3.2";
			developmentRegion = English;
			hasScannedForEncodings = 0;
			knownRegions = (
				en,
				Base,
			);
			mainGroup = 4464522C1E57A9CD00FD6A44;
			productRefGroup = 446452361E57A9CD00FD6A44 /* Products */;
			projectDirPath = "";
			projectRoot = "";
			targets = (
				446452341E57A9CD00FD6A44 /* workingExample */,
			);
		};
/* End PBXProject section */

/* Begin PBXResourcesBuildPhase section */
		446452331E57A9CD00FD6A44 /* Resources */ = {
			isa = PBXResourcesBuildPhase;
			buildActionMask = 2147483647;
			files = (
				446452431E57A9CD00FD6A44 /* LaunchScreen.storyboard in Resources */,
				446452401E57A9CD00FD6A44 /* Assets.xcassets in Resources */,
				4464523E1E57A9CD00FD6A44 /* Main.storyboard in Resources */,
			);
			runOnlyForDeploymentPostprocessing = 0;
		};
/* End PBXResourcesBuildPhase section */

/* Begin PBXSourcesBuildPhase section */
		446452311E57A9CD00FD6A44 /* Sources */ = {
			isa = PBXSourcesBuildPhase;
			buildActionMask = 2147483647;
			files = (
				4464523B1E57A9CD00FD6A44 /* ViewController.swift in Sources */,
				446452391E57A9CD00FD6A44 /* AppDelegate.swift in Sources */,
			);
			runOnlyForDeploymentPostprocessing = 0;
		};
/* End PBXSourcesBuildPhase section */

/* Begin PBXVariantGroup section */
		4464523C1E57A9CD00FD6A44 /* Main.storyboard */ = {
			isa = PBXVariantGroup;
			children = (
				4464523D1E57A9CD00FD6A44 /* Base */,
			);
			name = Main.storyboard;
			sourceTree = "<group>";
		};
		446452411E57A9CD00FD6A44 /* LaunchScreen.storyboard */ = {
			isa = PBXVariantGroup;
			children = (
				446452421E57A9CD00FD6A44 /* Base */,
			);
			name = LaunchScreen.storyboard;
			sourceTree = "<group>";
		};
/* End PBXVariantGroup section */

/* Begin XCBuildConfiguration section */
		446452451E57A9CD00FD6A44 /* Debug */ = {
			isa = XCBuildConfiguration;
			buildSettings = {
				ALWAYS_SEARCH_USER_PATHS = NO;
				CLANG_ANALYZER_NONNULL = YES;
				CLANG_CXX_LANGUAGE_STANDARD = "gnu++0x";
				CLANG_CXX_LIBRARY = "libc++";
				CLANG_ENABLE_MODULES = YES;
				CLANG_ENABLE_OBJC_ARC = YES;
				CLANG_WARN_BOOL_CONVERSION = YES;
				CLANG_WARN_CONSTANT_CONVERSION = YES;
				CLANG_WARN_DIRECT_OBJC_ISA_USAGE = YES_ERROR;
				CLANG_WARN_DOCUMENTATION_COMMENTS = YES;
				CLANG_WARN_EMPTY_BODY = YES;
				CLANG_WARN_ENUM_CONVERSION = YES;
				CLANG_WARN_INFINITE_RECURSION = YES;
				CLANG_WARN_INT_CONVERSION = YES;
				CLANG_WARN_OBJC_ROOT_CLASS = YES_ERROR;
				CLANG_WARN_SUSPICIOUS_MOVE = YES;
				CLANG_WARN_UNREACHABLE_CODE = YES;
				CLANG_WARN__DUPLICATE_METHOD_MATCH = YES;
				"CODE_SIGN_IDENTITY[sdk=iphoneos*]" = "iPhone Developer";
				COPY_PHASE_STRIP = NO;
				DEBUG_INFORMATION_FORMAT = dwarf;
				ENABLE_STRICT_OBJC_MSGSEND = YES;
				ENABLE_TESTABILITY = YES;
				GCC_C_LANGUAGE_STANDARD = gnu99;
				GCC_DYNAMIC_NO_PIC = NO;
				GCC_NO_COMMON_BLOCKS = YES;
				GCC_OPTIMIZATION_LEVEL = 0;
				GCC_PREPROCESSOR_DEFINITIONS = (
					"DEBUG=1",
					"$(inherited)",
				);
				GCC_WARN_64_TO_32_BIT_CONVERSION = YES;
				GCC_WARN_ABOUT_RETURN_TYPE = YES_ERROR;
				GCC_WARN_UNDECLARED_SELECTOR = YES;
				GCC_WARN_UNINITIALIZED_AUTOS = YES_AGGRESSIVE;
				GCC_WARN_UNUSED_FUNCTION = YES;
				GCC_WARN_UNUSED_VARIABLE = YES;
				IPHONEOS_DEPLOYMENT_TARGET = 10.2;
				MTL_ENABLE_DEBUG_INFO = YES;
				ONLY_ACTIVE_ARCH = YES;
				SDKROOT = iphoneos;
				SWIFT_ACTIVE_COMPILATION_CONDITIONS = DEBUG;
				SWIFT_OPTIMIZATION_LEVEL = "-Onone";
			};
			name = Debug;
		};
		446452461E57A9CD00FD6A44 /* Release */ = {
			isa = XCBuildConfiguration;
			buildSettings = {
				ALWAYS_SEARCH_USER_PATHS = NO;
				CLANG_ANALYZER_NONNULL = YES;
				CLANG_CXX_LANGUAGE_STANDARD = "gnu++0x";
				CLANG_CXX_LIBRARY = "libc++";
				CLANG_ENABLE_MODULES = YES;
				CLANG_ENABLE_OBJC_ARC = YES;
				CLANG_WARN_BOOL_CONVERSION = YES;
				CLANG_WARN_CONSTANT_CONVERSION = YES;
				CLANG_WARN_DIRECT_OBJC_ISA_USAGE = YES_ERROR;
				CLANG_WARN_DOCUMENTATION_COMMENTS = YES;
				CLANG_WARN_EMPTY_BODY = YES;
				CLANG_WARN_ENUM_CONVERSION = YES;
				CLANG_WARN_INFINITE_RECURSION = YES;
				CLANG_WARN_INT_CONVERSION = YES;
				CLANG_WARN_OBJC_ROOT_CLASS = YES_ERROR;
				CLANG_WARN_SUSPICIOUS_MOVE = YES;
				CLANG_WARN_UNREACHABLE_CODE = YES;
				CLANG_WARN__DUPLICATE_METHOD_MATCH = YES;
				"CODE_SIGN_IDENTITY[sdk=iphoneos*]" = "iPhone Developer";
				COPY_PHASE_STRIP = NO;
				DEBUG_INFORMATION_FORMAT = "dwarf-with-dsym";
				ENABLE_NS_ASSERTIONS = NO;
				ENABLE_STRICT_OBJC_MSGSEND = YES;
				GCC_C_LANGUAGE_STANDARD = gnu99;
				GCC_NO_COMMON_BLOCKS = YES;
				GCC_WARN_64_TO_32_BIT_CONVERSION = YES;
				GCC_WARN_ABOUT_RETURN_TYPE = YES_ERROR;
				GCC_WARN_UNDECLARED_SELECTOR = YES;
				GCC_WARN_UNINITIALIZED_AUTOS = YES_AGGRESSIVE;
				GCC_WARN_UNUSED_FUNCTION = YES;
				GCC_WARN_UNUSED_VARIABLE = YES;
				IPHONEOS_DEPLOYMENT_TARGET = 10.2;
				MTL_ENABLE_DEBUG_INFO = NO;
				SDKROOT = iphoneos;
				SWIFT_OPTIMIZATION_LEVEL = "-Owholemodule";
				VALIDATE_PRODUCT = YES;
			};
			name = Release;
		};
		446452481E57A9CD00FD6A44 /* Debug */ = {
			isa = XCBuildConfiguration;
			buildSettings = {
				ASSETCATALOG_COMPILER_APPICON_NAME = AppIcon;
				DEVELOPMENT_TEAM = RJ5X7G8YV9;
				INFOPLIST_FILE = workingExample/Info.plist;
				LD_RUNPATH_SEARCH_PATHS = "$(inherited) @executable_path/Frameworks";
				PRODUCT_BUNDLE_IDENTIFIER = roxannefarkas.workingExample;
				PRODUCT_NAME = "$(TARGET_NAME)";
				SWIFT_VERSION = 3.0;
			};
			name = Debug;
		};
		446452491E57A9CD00FD6A44 /* Release */ = {
			isa = XCBuildConfiguration;
			buildSettings = {
				ASSETCATALOG_COMPILER_APPICON_NAME = AppIcon;
				DEVELOPMENT_TEAM = RJ5X7G8YV9;
				INFOPLIST_FILE = workingExample/Info.plist;
				LD_RUNPATH_SEARCH_PATHS = "$(inherited) @executable_path/Frameworks";
				PRODUCT_BUNDLE_IDENTIFIER = roxannefarkas.workingExample;
				PRODUCT_NAME = "$(TARGET_NAME)";
				SWIFT_VERSION = 3.0;
			};
			name = Release;
		};
/* End XCBuildConfiguration section */

/* Begin XCConfigurationList section */
		446452301E57A9CD00FD6A44 /* Build configuration list for PBXProject "workingExample" */ = {
			isa = XCConfigurationList;
			buildConfigurations = (
				446452451E57A9CD00FD6A44 /* Debug */,
				446452461E57A9CD00FD6A44 /* Release */,
			);
			defaultConfigurationIsVisible = 0;
			defaultConfigurationName = Release;
		};
		446452471E57A9CD00FD6A44 /* Build configuration list for PBXNativeTarget "workingExample" */ = {
			isa = XCConfigurationList;
			buildConfigurations = (
				446452481E57A9CD00FD6A44 /* Debug */,
				446452491E57A9CD00FD6A44 /* Release */,
			);
			defaultConfigurationIsVisible = 0;
		};
/* End XCConfigurationList section */
	};
	rootObject = 4464522D1E57A9CD00FD6A44 /* Project object */;
}
