// !$*UTF8*$!
{
	archiveVersion = 1;
	classes = {
	};
	objectVersion = 46;
	objects = {

/* Begin PBXBuildFile section */
		448247A81E8D6BDF00338AFE /* AppDelegate.swift in Sources */ = {isa = PBXBuildFile; fileRef = 448247A71E8D6BDF00338AFE /* AppDelegate.swift */; };
		448247AA1E8D6BDF00338AFE /* ViewController.swift in Sources */ = {isa = PBXBuildFile; fileRef = 448247A91E8D6BDF00338AFE /* ViewController.swift */; };
		448247AD1E8D6BDF00338AFE /* Main.storyboard in Resources */ = {isa = PBXBuildFile; fileRef = 448247AB1E8D6BDF00338AFE /* Main.storyboard */; };
		448247AF1E8D6BDF00338AFE /* Assets.xcassets in Resources */ = {isa = PBXBuildFile; fileRef = 448247AE1E8D6BDF00338AFE /* Assets.xcassets */; };
		448247B21E8D6BDF00338AFE /* LaunchScreen.storyboard in Resources */ = {isa = PBXBuildFile; fileRef = 448247B01E8D6BDF00338AFE /* LaunchScreen.storyboard */; };
/* End PBXBuildFile section */

/* Begin PBXFileReference section */
		448247A41E8D6BDF00338AFE /* MyCalcRoxanneFarkas.app */ = {isa = PBXFileReference; explicitFileType = wrapper.application; includeInIndex = 0; path = MyCalcRoxanneFarkas.app; sourceTree = BUILT_PRODUCTS_DIR; };
		448247A71E8D6BDF00338AFE /* AppDelegate.swift */ = {isa = PBXFileReference; lastKnownFileType = sourcecode.swift; path = AppDelegate.swift; sourceTree = "<group>"; };
		448247A91E8D6BDF00338AFE /* ViewController.swift */ = {isa = PBXFileReference; lastKnownFileType = sourcecode.swift; path = ViewController.swift; sourceTree = "<group>"; };
		448247AC1E8D6BDF00338AFE /* Base */ = {isa = PBXFileReference; lastKnownFileType = file.storyboard; name = Base; path = Base.lproj/Main.storyboard; sourceTree = "<group>"; };
		448247AE1E8D6BDF00338AFE /* Assets.xcassets */ = {isa = PBXFileReference; lastKnownFileType = folder.assetcatalog; path = Assets.xcassets; sourceTree = "<group>"; };
		448247B11E8D6BDF00338AFE /* Base */ = {isa = PBXFileReference; lastKnownFileType = file.storyboard; name = Base; path = Base.lproj/LaunchScreen.storyboard; sourceTree = "<group>"; };
		448247B31E8D6BDF00338AFE /* Info.plist */ = {isa = PBXFileReference; lastKnownFileType = text.plist.xml; path = Info.plist; sourceTree = "<group>"; };
/* End PBXFileReference section */

/* Begin PBXFrameworksBuildPhase section */
		448247A11E8D6BDF00338AFE /* Frameworks */ = {
			isa = PBXFrameworksBuildPhase;
			buildActionMask = 2147483647;
			files = (
			);
			runOnlyForDeploymentPostprocessing = 0;
		};
/* End PBXFrameworksBuildPhase section */

/* Begin PBXGroup section */
		4482479B1E8D6BDF00338AFE = {
			isa = PBXGroup;
			children = (
				448247A61E8D6BDF00338AFE /* MyCalcRoxanneFarkas */,
				448247A51E8D6BDF00338AFE /* Products */,
			);
			sourceTree = "<group>";
		};
		448247A51E8D6BDF00338AFE /* Products */ = {
			isa = PBXGroup;
			children = (
				448247A41E8D6BDF00338AFE /* MyCalcRoxanneFarkas.app */,
			);
			name = Products;
			sourceTree = "<group>";
		};
		448247A61E8D6BDF00338AFE /* MyCalcRoxanneFarkas */ = {
			isa = PBXGroup;
			children = (
				448247A71E8D6BDF00338AFE /* AppDelegate.swift */,
				448247A91E8D6BDF00338AFE /* ViewController.swift */,
				448247AB1E8D6BDF00338AFE /* Main.storyboard */,
				448247AE1E8D6BDF00338AFE /* Assets.xcassets */,
				448247B01E8D6BDF00338AFE /* LaunchScreen.storyboard */,
				448247B31E8D6BDF00338AFE /* Info.plist */,
			);
			path = MyCalcRoxanneFarkas;
			sourceTree = "<group>";
		};
/* End PBXGroup section */

/* Begin PBXNativeTarget section */
		448247A31E8D6BDF00338AFE /* MyCalcRoxanneFarkas */ = {
			isa = PBXNativeTarget;
			buildConfigurationList = 448247B61E8D6BDF00338AFE /* Build configuration list for PBXNativeTarget "MyCalcRoxanneFarkas" */;
			buildPhases = (
				448247A01E8D6BDF00338AFE /* Sources */,
				448247A11E8D6BDF00338AFE /* Frameworks */,
				448247A21E8D6BDF00338AFE /* Resources */,
			);
			buildRules = (
			);
			dependencies = (
			);
			name = MyCalcRoxanneFarkas;
			productName = MyCalcRoxanneFarkas;
			productReference = 448247A41E8D6BDF00338AFE /* MyCalcRoxanneFarkas.app */;
			productType = "com.apple.product-type.application";
		};
/* End PBXNativeTarget section */

/* Begin PBXProject section */
		4482479C1E8D6BDF00338AFE /* Project object */ = {
			isa = PBXProject;
			attributes = {
				LastSwiftUpdateCheck = 0820;
				LastUpgradeCheck = 0820;
				ORGANIZATIONNAME = "Roxanne Farkas";
				TargetAttributes = {
					448247A31E8D6BDF00338AFE = {
						CreatedOnToolsVersion = 8.2.1;
						DevelopmentTeam = RJ5X7G8YV9;
						ProvisioningStyle = Automatic;
					};
				};
			};
			buildConfigurationList = 4482479F1E8D6BDF00338AFE /* Build configuration list for PBXProject "MyCalcRoxanneFarkas" */;
			compatibilityVersion = "Xcode 3.2";
			developmentRegion = English;
			hasScannedForEncodings = 0;
			knownRegions = (
				en,
				Base,
			);
			mainGroup = 4482479B1E8D6BDF00338AFE;
			productRefGroup = 448247A51E8D6BDF00338AFE /* Products */;
			projectDirPath = "";
			projectRoot = "";
			targets = (
				448247A31E8D6BDF00338AFE /* MyCalcRoxanneFarkas */,
			);
		};
/* End PBXProject section */

/* Begin PBXResourcesBuildPhase section */
		448247A21E8D6BDF00338AFE /* Resources */ = {
			isa = PBXResourcesBuildPhase;
			buildActionMask = 2147483647;
			files = (
				448247B21E8D6BDF00338AFE /* LaunchScreen.storyboard in Resources */,
				448247AF1E8D6BDF00338AFE /* Assets.xcassets in Resources */,
				448247AD1E8D6BDF00338AFE /* Main.storyboard in Resources */,
			);
			runOnlyForDeploymentPostprocessing = 0;
		};
/* End PBXResourcesBuildPhase section */

/* Begin PBXSourcesBuildPhase section */
		448247A01E8D6BDF00338AFE /* Sources */ = {
			isa = PBXSourcesBuildPhase;
			buildActionMask = 2147483647;
			files = (
				448247AA1E8D6BDF00338AFE /* ViewController.swift in Sources */,
				448247A81E8D6BDF00338AFE /* AppDelegate.swift in Sources */,
			);
			runOnlyForDeploymentPostprocessing = 0;
		};
/* End PBXSourcesBuildPhase section */

/* Begin PBXVariantGroup section */
		448247AB1E8D6BDF00338AFE /* Main.storyboard */ = {
			isa = PBXVariantGroup;
			children = (
				448247AC1E8D6BDF00338AFE /* Base */,
			);
			name = Main.storyboard;
			sourceTree = "<group>";
		};
		448247B01E8D6BDF00338AFE /* LaunchScreen.storyboard */ = {
			isa = PBXVariantGroup;
			children = (
				448247B11E8D6BDF00338AFE /* Base */,
			);
			name = LaunchScreen.storyboard;
			sourceTree = "<group>";
		};
/* End PBXVariantGroup section */

/* Begin XCBuildConfiguration section */
		448247B41E8D6BDF00338AFE /* Debug */ = {
			isa = XCBuildConfiguration;
			buildSettings = {
				ALWAYS_SEARCH_USER_PATHS = NO;
				CLANG_ANALYZER_NONNULL = YES;
				CLANG_CXX_LANGUAGE_STANDARD = "gnu++0x";
				CLANG_CXX_LIBRARY = "libc++";
				CLANG_ENABLE_MODULES = YES;
				CLANG_ENABLE_OBJC_ARC = YES;
				CLANG_WARN_BOOL_CONVERSION = YES;
				CLANG_WARN_CONSTANT_CONVERSION = YES;
				CLANG_WARN_DIRECT_OBJC_ISA_USAGE = YES_ERROR;
				CLANG_WARN_DOCUMENTATION_COMMENTS = YES;
				CLANG_WARN_EMPTY_BODY = YES;
				CLANG_WARN_ENUM_CONVERSION = YES;
				CLANG_WARN_INFINITE_RECURSION = YES;
				CLANG_WARN_INT_CONVERSION = YES;
				CLANG_WARN_OBJC_ROOT_CLASS = YES_ERROR;
				CLANG_WARN_SUSPICIOUS_MOVE = YES;
				CLANG_WARN_UNREACHABLE_CODE = YES;
				CLANG_WARN__DUPLICATE_METHOD_MATCH = YES;
				"CODE_SIGN_IDENTITY[sdk=iphoneos*]" = "iPhone Developer";
				COPY_PHASE_STRIP = NO;
				DEBUG_INFORMATION_FORMAT = dwarf;
				ENABLE_STRICT_OBJC_MSGSEND = YES;
				ENABLE_TESTABILITY = YES;
				GCC_C_LANGUAGE_STANDARD = gnu99;
				GCC_DYNAMIC_NO_PIC = NO;
				GCC_NO_COMMON_BLOCKS = YES;
				GCC_OPTIMIZATION_LEVEL = 0;
				GCC_PREPROCESSOR_DEFINITIONS = (
					"DEBUG=1",
					"$(inherited)",
				);
				GCC_WARN_64_TO_32_BIT_CONVERSION = YES;
				GCC_WARN_ABOUT_RETURN_TYPE = YES_ERROR;
				GCC_WARN_UNDECLARED_SELECTOR = YES;
				GCC_WARN_UNINITIALIZED_AUTOS = YES_AGGRESSIVE;
				GCC_WARN_UNUSED_FUNCTION = YES;
				GCC_WARN_UNUSED_VARIABLE = YES;
				IPHONEOS_DEPLOYMENT_TARGET = 10.2;
				MTL_ENABLE_DEBUG_INFO = YES;
				ONLY_ACTIVE_ARCH = YES;
				SDKROOT = iphoneos;
				SWIFT_ACTIVE_COMPILATION_CONDITIONS = DEBUG;
				SWIFT_OPTIMIZATION_LEVEL = "-Onone";
			};
			name = Debug;
		};
		448247B51E8D6BDF00338AFE /* Release */ = {
			isa = XCBuildConfiguration;
			buildSettings = {
				ALWAYS_SEARCH_USER_PATHS = NO;
				CLANG_ANALYZER_NONNULL = YES;
				CLANG_CXX_LANGUAGE_STANDARD = "gnu++0x";
				CLANG_CXX_LIBRARY = "libc++";
				CLANG_ENABLE_MODULES = YES;
				CLANG_ENABLE_OBJC_ARC = YES;
				CLANG_WARN_BOOL_CONVERSION = YES;
				CLANG_WARN_CONSTANT_CONVERSION = YES;
				CLANG_WARN_DIRECT_OBJC_ISA_USAGE = YES_ERROR;
				CLANG_WARN_DOCUMENTATION_COMMENTS = YES;
				CLANG_WARN_EMPTY_BODY = YES;
				CLANG_WARN_ENUM_CONVERSION = YES;
				CLANG_WARN_INFINITE_RECURSION = YES;
				CLANG_WARN_INT_CONVERSION = YES;
				CLANG_WARN_OBJC_ROOT_CLASS = YES_ERROR;
				CLANG_WARN_SUSPICIOUS_MOVE = YES;
				CLANG_WARN_UNREACHABLE_CODE = YES;
				CLANG_WARN__DUPLICATE_METHOD_MATCH = YES;
				"CODE_SIGN_IDENTITY[sdk=iphoneos*]" = "iPhone Developer";
				COPY_PHASE_STRIP = NO;
				DEBUG_INFORMATION_FORMAT = "dwarf-with-dsym";
				ENABLE_NS_ASSERTIONS = NO;
				ENABLE_STRICT_OBJC_MSGSEND = YES;
				GCC_C_LANGUAGE_STANDARD = gnu99;
				GCC_NO_COMMON_BLOCKS = YES;
				GCC_WARN_64_TO_32_BIT_CONVERSION = YES;
				GCC_WARN_ABOUT_RETURN_TYPE = YES_ERROR;
				GCC_WARN_UNDECLARED_SELECTOR = YES;
				GCC_WARN_UNINITIALIZED_AUTOS = YES_AGGRESSIVE;
				GCC_WARN_UNUSED_FUNCTION = YES;
				GCC_WARN_UNUSED_VARIABLE = YES;
				IPHONEOS_DEPLOYMENT_TARGET = 10.2;
				MTL_ENABLE_DEBUG_INFO = NO;
				SDKROOT = iphoneos;
				SWIFT_OPTIMIZATION_LEVEL = "-Owholemodule";
				VALIDATE_PRODUCT = YES;
			};
			name = Release;
		};
		448247B71E8D6BDF00338AFE /* Debug */ = {
			isa = XCBuildConfiguration;
			buildSettings = {
				ASSETCATALOG_COMPILER_APPICON_NAME = AppIcon;
				DEVELOPMENT_TEAM = RJ5X7G8YV9;
				INFOPLIST_FILE = MyCalcRoxanneFarkas/Info.plist;
				LD_RUNPATH_SEARCH_PATHS = "$(inherited) @executable_path/Frameworks";
				PRODUCT_BUNDLE_IDENTIFIER = roxannefarkas.MyCalcRoxanneFarkas;
				PRODUCT_NAME = "$(TARGET_NAME)";
				SWIFT_VERSION = 3.0;
			};
			name = Debug;
		};
		448247B81E8D6BDF00338AFE /* Release */ = {
			isa = XCBuildConfiguration;
			buildSettings = {
				ASSETCATALOG_COMPILER_APPICON_NAME = AppIcon;
				DEVELOPMENT_TEAM = RJ5X7G8YV9;
				INFOPLIST_FILE = MyCalcRoxanneFarkas/Info.plist;
				LD_RUNPATH_SEARCH_PATHS = "$(inherited) @executable_path/Frameworks";
				PRODUCT_BUNDLE_IDENTIFIER = roxannefarkas.MyCalcRoxanneFarkas;
				PRODUCT_NAME = "$(TARGET_NAME)";
				SWIFT_VERSION = 3.0;
			};
			name = Release;
		};
/* End XCBuildConfiguration section */

/* Begin XCConfigurationList section */
		4482479F1E8D6BDF00338AFE /* Build configuration list for PBXProject "MyCalcRoxanneFarkas" */ = {
			isa = XCConfigurationList;
			buildConfigurations = (
				448247B41E8D6BDF00338AFE /* Debug */,
				448247B51E8D6BDF00338AFE /* Release */,
			);
			defaultConfigurationIsVisible = 0;
			defaultConfigurationName = Release;
		};
		448247B61E8D6BDF00338AFE /* Build configuration list for PBXNativeTarget "MyCalcRoxanneFarkas" */ = {
			isa = XCConfigurationList;
			buildConfigurations = (
				448247B71E8D6BDF00338AFE /* Debug */,
				448247B81E8D6BDF00338AFE /* Release */,
			);
			defaultConfigurationIsVisible = 0;
		};
/* End XCConfigurationList section */
	};
	rootObject = 4482479C1E8D6BDF00338AFE /* Project object */;
}
