// !$*UTF8*$!
{
	archiveVersion = 1;
	classes = {
	};
	objectVersion = 46;
	objects = {

/* Begin PBXBuildFile section */
		448E3ACD1E7754F300EAD620 /* AppDelegate.swift in Sources */ = {isa = PBXBuildFile; fileRef = 448E3ACC1E7754F300EAD620 /* AppDelegate.swift */; };
		448E3ACF1E7754F300EAD620 /* ViewController.swift in Sources */ = {isa = PBXBuildFile; fileRef = 448E3ACE1E7754F300EAD620 /* ViewController.swift */; };
		448E3AD21E7754F300EAD620 /* Main.storyboard in Resources */ = {isa = PBXBuildFile; fileRef = 448E3AD01E7754F300EAD620 /* Main.storyboard */; };
		448E3AD41E7754F300EAD620 /* Assets.xcassets in Resources */ = {isa = PBXBuildFile; fileRef = 448E3AD31E7754F300EAD620 /* Assets.xcassets */; };
		448E3AD71E7754F300EAD620 /* LaunchScreen.storyboard in Resources */ = {isa = PBXBuildFile; fileRef = 448E3AD51E7754F300EAD620 /* LaunchScreen.storyboard */; };
/* End PBXBuildFile section */

/* Begin PBXFileReference section */
		448E3AC91E7754F300EAD620 /* methods.app */ = {isa = PBXFileReference; explicitFileType = wrapper.application; includeInIndex = 0; path = methods.app; sourceTree = BUILT_PRODUCTS_DIR; };
		448E3ACC1E7754F300EAD620 /* AppDelegate.swift */ = {isa = PBXFileReference; lastKnownFileType = sourcecode.swift; path = AppDelegate.swift; sourceTree = "<group>"; };
		448E3ACE1E7754F300EAD620 /* ViewController.swift */ = {isa = PBXFileReference; lastKnownFileType = sourcecode.swift; path = ViewController.swift; sourceTree = "<group>"; };
		448E3AD11E7754F300EAD620 /* Base */ = {isa = PBXFileReference; lastKnownFileType = file.storyboard; name = Base; path = Base.lproj/Main.storyboard; sourceTree = "<group>"; };
		448E3AD31E7754F300EAD620 /* Assets.xcassets */ = {isa = PBXFileReference; lastKnownFileType = folder.assetcatalog; path = Assets.xcassets; sourceTree = "<group>"; };
		448E3AD61E7754F300EAD620 /* Base */ = {isa = PBXFileReference; lastKnownFileType = file.storyboard; name = Base; path = Base.lproj/LaunchScreen.storyboard; sourceTree = "<group>"; };
		448E3AD81E7754F300EAD620 /* Info.plist */ = {isa = PBXFileReference; lastKnownFileType = text.plist.xml; path = Info.plist; sourceTree = "<group>"; };
/* End PBXFileReference section */

/* Begin PBXFrameworksBuildPhase section */
		448E3AC61E7754F300EAD620 /* Frameworks */ = {
			isa = PBXFrameworksBuildPhase;
			buildActionMask = 2147483647;
			files = (
			);
			runOnlyForDeploymentPostprocessing = 0;
		};
/* End PBXFrameworksBuildPhase section */

/* Begin PBXGroup section */
		448E3AC01E7754F300EAD620 = {
			isa = PBXGroup;
			children = (
				448E3ACB1E7754F300EAD620 /* methods */,
				448E3ACA1E7754F300EAD620 /* Products */,
			);
			sourceTree = "<group>";
		};
		448E3ACA1E7754F300EAD620 /* Products */ = {
			isa = PBXGroup;
			children = (
				448E3AC91E7754F300EAD620 /* methods.app */,
			);
			name = Products;
			sourceTree = "<group>";
		};
		448E3ACB1E7754F300EAD620 /* methods */ = {
			isa = PBXGroup;
			children = (
				448E3ACC1E7754F300EAD620 /* AppDelegate.swift */,
				448E3ACE1E7754F300EAD620 /* ViewController.swift */,
				448E3AD01E7754F300EAD620 /* Main.storyboard */,
				448E3AD31E7754F300EAD620 /* Assets.xcassets */,
				448E3AD51E7754F300EAD620 /* LaunchScreen.storyboard */,
				448E3AD81E7754F300EAD620 /* Info.plist */,
			);
			path = methods;
			sourceTree = "<group>";
		};
/* End PBXGroup section */

/* Begin PBXNativeTarget section */
		448E3AC81E7754F300EAD620 /* methods */ = {
			isa = PBXNativeTarget;
			buildConfigurationList = 448E3ADB1E7754F300EAD620 /* Build configuration list for PBXNativeTarget "methods" */;
			buildPhases = (
				448E3AC51E7754F300EAD620 /* Sources */,
				448E3AC61E7754F300EAD620 /* Frameworks */,
				448E3AC71E7754F300EAD620 /* Resources */,
			);
			buildRules = (
			);
			dependencies = (
			);
			name = methods;
			productName = methods;
			productReference = 448E3AC91E7754F300EAD620 /* methods.app */;
			productType = "com.apple.product-type.application";
		};
/* End PBXNativeTarget section */

/* Begin PBXProject section */
		448E3AC11E7754F300EAD620 /* Project object */ = {
			isa = PBXProject;
			attributes = {
				LastSwiftUpdateCheck = 0820;
				LastUpgradeCheck = 0820;
				ORGANIZATIONNAME = "Roxanne Farkas";
				TargetAttributes = {
					448E3AC81E7754F300EAD620 = {
						CreatedOnToolsVersion = 8.2.1;
						DevelopmentTeam = RJ5X7G8YV9;
						ProvisioningStyle = Automatic;
					};
				};
			};
			buildConfigurationList = 448E3AC41E7754F300EAD620 /* Build configuration list for PBXProject "methods" */;
			compatibilityVersion = "Xcode 3.2";
			developmentRegion = English;
			hasScannedForEncodings = 0;
			knownRegions = (
				en,
				Base,
			);
			mainGroup = 448E3AC01E7754F300EAD620;
			productRefGroup = 448E3ACA1E7754F300EAD620 /* Products */;
			projectDirPath = "";
			projectRoot = "";
			targets = (
				448E3AC81E7754F300EAD620 /* methods */,
			);
		};
/* End PBXProject section */

/* Begin PBXResourcesBuildPhase section */
		448E3AC71E7754F300EAD620 /* Resources */ = {
			isa = PBXResourcesBuildPhase;
			buildActionMask = 2147483647;
			files = (
				448E3AD71E7754F300EAD620 /* LaunchScreen.storyboard in Resources */,
				448E3AD41E7754F300EAD620 /* Assets.xcassets in Resources */,
				448E3AD21E7754F300EAD620 /* Main.storyboard in Resources */,
			);
			runOnlyForDeploymentPostprocessing = 0;
		};
/* End PBXResourcesBuildPhase section */

/* Begin PBXSourcesBuildPhase section */
		448E3AC51E7754F300EAD620 /* Sources */ = {
			isa = PBXSourcesBuildPhase;
			buildActionMask = 2147483647;
			files = (
				448E3ACF1E7754F300EAD620 /* ViewController.swift in Sources */,
				448E3ACD1E7754F300EAD620 /* AppDelegate.swift in Sources */,
			);
			runOnlyForDeploymentPostprocessing = 0;
		};
/* End PBXSourcesBuildPhase section */

/* Begin PBXVariantGroup section */
		448E3AD01E7754F300EAD620 /* Main.storyboard */ = {
			isa = PBXVariantGroup;
			children = (
				448E3AD11E7754F300EAD620 /* Base */,
			);
			name = Main.storyboard;
			sourceTree = "<group>";
		};
		448E3AD51E7754F300EAD620 /* LaunchScreen.storyboard */ = {
			isa = PBXVariantGroup;
			children = (
				448E3AD61E7754F300EAD620 /* Base */,
			);
			name = LaunchScreen.storyboard;
			sourceTree = "<group>";
		};
/* End PBXVariantGroup section */

/* Begin XCBuildConfiguration section */
		448E3AD91E7754F300EAD620 /* Debug */ = {
			isa = XCBuildConfiguration;
			buildSettings = {
				ALWAYS_SEARCH_USER_PATHS = NO;
				CLANG_ANALYZER_NONNULL = YES;
				CLANG_CXX_LANGUAGE_STANDARD = "gnu++0x";
				CLANG_CXX_LIBRARY = "libc++";
				CLANG_ENABLE_MODULES = YES;
				CLANG_ENABLE_OBJC_ARC = YES;
				CLANG_WARN_BOOL_CONVERSION = YES;
				CLANG_WARN_CONSTANT_CONVERSION = YES;
				CLANG_WARN_DIRECT_OBJC_ISA_USAGE = YES_ERROR;
				CLANG_WARN_DOCUMENTATION_COMMENTS = YES;
				CLANG_WARN_EMPTY_BODY = YES;
				CLANG_WARN_ENUM_CONVERSION = YES;
				CLANG_WARN_INFINITE_RECURSION = YES;
				CLANG_WARN_INT_CONVERSION = YES;
				CLANG_WARN_OBJC_ROOT_CLASS = YES_ERROR;
				CLANG_WARN_SUSPICIOUS_MOVE = YES;
				CLANG_WARN_UNREACHABLE_CODE = YES;
				CLANG_WARN__DUPLICATE_METHOD_MATCH = YES;
				"CODE_SIGN_IDENTITY[sdk=iphoneos*]" = "iPhone Developer";
				COPY_PHASE_STRIP = NO;
				DEBUG_INFORMATION_FORMAT = dwarf;
				ENABLE_STRICT_OBJC_MSGSEND = YES;
				ENABLE_TESTABILITY = YES;
				GCC_C_LANGUAGE_STANDARD = gnu99;
				GCC_DYNAMIC_NO_PIC = NO;
				GCC_NO_COMMON_BLOCKS = YES;
				GCC_OPTIMIZATION_LEVEL = 0;
				GCC_PREPROCESSOR_DEFINITIONS = (
					"DEBUG=1",
					"$(inherited)",
				);
				GCC_WARN_64_TO_32_BIT_CONVERSION = YES;
				GCC_WARN_ABOUT_RETURN_TYPE = YES_ERROR;
				GCC_WARN_UNDECLARED_SELECTOR = YES;
				GCC_WARN_UNINITIALIZED_AUTOS = YES_AGGRESSIVE;
				GCC_WARN_UNUSED_FUNCTION = YES;
				GCC_WARN_UNUSED_VARIABLE = YES;
				IPHONEOS_DEPLOYMENT_TARGET = 10.2;
				MTL_ENABLE_DEBUG_INFO = YES;
				ONLY_ACTIVE_ARCH = YES;
				SDKROOT = iphoneos;
				SWIFT_ACTIVE_COMPILATION_CONDITIONS = DEBUG;
				SWIFT_OPTIMIZATION_LEVEL = "-Onone";
			};
			name = Debug;
		};
		448E3ADA1E7754F300EAD620 /* Release */ = {
			isa = XCBuildConfiguration;
			buildSettings = {
				ALWAYS_SEARCH_USER_PATHS = NO;
				CLANG_ANALYZER_NONNULL = YES;
				CLANG_CXX_LANGUAGE_STANDARD = "gnu++0x";
				CLANG_CXX_LIBRARY = "libc++";
				CLANG_ENABLE_MODULES = YES;
				CLANG_ENABLE_OBJC_ARC = YES;
				CLANG_WARN_BOOL_CONVERSION = YES;
				CLANG_WARN_CONSTANT_CONVERSION = YES;
				CLANG_WARN_DIRECT_OBJC_ISA_USAGE = YES_ERROR;
				CLANG_WARN_DOCUMENTATION_COMMENTS = YES;
				CLANG_WARN_EMPTY_BODY = YES;
				CLANG_WARN_ENUM_CONVERSION = YES;
				CLANG_WARN_INFINITE_RECURSION = YES;
				CLANG_WARN_INT_CONVERSION = YES;
				CLANG_WARN_OBJC_ROOT_CLASS = YES_ERROR;
				CLANG_WARN_SUSPICIOUS_MOVE = YES;
				CLANG_WARN_UNREACHABLE_CODE = YES;
				CLANG_WARN__DUPLICATE_METHOD_MATCH = YES;
				"CODE_SIGN_IDENTITY[sdk=iphoneos*]" = "iPhone Developer";
				COPY_PHASE_STRIP = NO;
				DEBUG_INFORMATION_FORMAT = "dwarf-with-dsym";
				ENABLE_NS_ASSERTIONS = NO;
				ENABLE_STRICT_OBJC_MSGSEND = YES;
				GCC_C_LANGUAGE_STANDARD = gnu99;
				GCC_NO_COMMON_BLOCKS = YES;
				GCC_WARN_64_TO_32_BIT_CONVERSION = YES;
				GCC_WARN_ABOUT_RETURN_TYPE = YES_ERROR;
				GCC_WARN_UNDECLARED_SELECTOR = YES;
				GCC_WARN_UNINITIALIZED_AUTOS = YES_AGGRESSIVE;
				GCC_WARN_UNUSED_FUNCTION = YES;
				GCC_WARN_UNUSED_VARIABLE = YES;
				IPHONEOS_DEPLOYMENT_TARGET = 10.2;
				MTL_ENABLE_DEBUG_INFO = NO;
				SDKROOT = iphoneos;
				SWIFT_OPTIMIZATION_LEVEL = "-Owholemodule";
				VALIDATE_PRODUCT = YES;
			};
			name = Release;
		};
		448E3ADC1E7754F300EAD620 /* Debug */ = {
			isa = XCBuildConfiguration;
			buildSettings = {
				ASSETCATALOG_COMPILER_APPICON_NAME = AppIcon;
				DEVELOPMENT_TEAM = RJ5X7G8YV9;
				INFOPLIST_FILE = methods/Info.plist;
				LD_RUNPATH_SEARCH_PATHS = "$(inherited) @executable_path/Frameworks";
				PRODUCT_BUNDLE_IDENTIFIER = roxannefarkas.methods;
				PRODUCT_NAME = "$(TARGET_NAME)";
				SWIFT_VERSION = 3.0;
			};
			name = Debug;
		};
		448E3ADD1E7754F300EAD620 /* Release */ = {
			isa = XCBuildConfiguration;
			buildSettings = {
				ASSETCATALOG_COMPILER_APPICON_NAME = AppIcon;
				DEVELOPMENT_TEAM = RJ5X7G8YV9;
				INFOPLIST_FILE = methods/Info.plist;
				LD_RUNPATH_SEARCH_PATHS = "$(inherited) @executable_path/Frameworks";
				PRODUCT_BUNDLE_IDENTIFIER = roxannefarkas.methods;
				PRODUCT_NAME = "$(TARGET_NAME)";
				SWIFT_VERSION = 3.0;
			};
			name = Release;
		};
/* End XCBuildConfiguration section */

/* Begin XCConfigurationList section */
		448E3AC41E7754F300EAD620 /* Build configuration list for PBXProject "methods" */ = {
			isa = XCConfigurationList;
			buildConfigurations = (
				448E3AD91E7754F300EAD620 /* Debug */,
				448E3ADA1E7754F300EAD620 /* Release */,
			);
			defaultConfigurationIsVisible = 0;
			defaultConfigurationName = Release;
		};
		448E3ADB1E7754F300EAD620 /* Build configuration list for PBXNativeTarget "methods" */ = {
			isa = XCConfigurationList;
			buildConfigurations = (
				448E3ADC1E7754F300EAD620 /* Debug */,
				448E3ADD1E7754F300EAD620 /* Release */,
			);
			defaultConfigurationIsVisible = 0;
		};
/* End XCConfigurationList section */
	};
	rootObject = 448E3AC11E7754F300EAD620 /* Project object */;
}
